// !$*UTF8*$!
{
	archiveVersion = 1;
	classes = {
	};
	objectVersion = 56;
	objects = {

/* Begin PBXBuildFile section */
		9E65B79C2B52388B009C23A6 /* GoalifyApp.swift in Sources */ = {isa = PBXBuildFile; fileRef = 9E65B79B2B52388B009C23A6 /* GoalifyApp.swift */; };
		9E65B79E2B52388B009C23A6 /* ContentView.swift in Sources */ = {isa = PBXBuildFile; fileRef = 9E65B79D2B52388B009C23A6 /* ContentView.swift */; };
		9E65B7A02B52388F009C23A6 /* Assets.xcassets in Resources */ = {isa = PBXBuildFile; fileRef = 9E65B79F2B52388F009C23A6 /* Assets.xcassets */; };
		9E65B7A32B52388F009C23A6 /* Preview Assets.xcassets in Resources */ = {isa = PBXBuildFile; fileRef = 9E65B7A22B52388F009C23A6 /* Preview Assets.xcassets */; };
		9E65B7C62B5239ED009C23A6 /* TasksView.swift in Sources */ = {isa = PBXBuildFile; fileRef = 9E65B7C52B5239ED009C23A6 /* TasksView.swift */; };
		9E65B7C82B523A00009C23A6 /* RewardsView.swift in Sources */ = {isa = PBXBuildFile; fileRef = 9E65B7C72B523A00009C23A6 /* RewardsView.swift */; };
		9E65B7CA2B523D33009C23A6 /* TaskListView.swift in Sources */ = {isa = PBXBuildFile; fileRef = 9E65B7C92B523D33009C23A6 /* TaskListView.swift */; };
		9E65B7CC2B523D79009C23A6 /* Task.swift in Sources */ = {isa = PBXBuildFile; fileRef = 9E65B7CB2B523D79009C23A6 /* Task.swift */; };
		9E65B7CE2B5247DF009C23A6 /* ColorPalette.swift in Sources */ = {isa = PBXBuildFile; fileRef = 9E65B7CD2B5247DF009C23A6 /* ColorPalette.swift */; };
		9E65B7D22B524F56009C23A6 /* Reward.swift in Sources */ = {isa = PBXBuildFile; fileRef = 9E65B7D12B524F56009C23A6 /* Reward.swift */; };
		9E65B7D62B524F7F009C23A6 /* RewardListView.swift in Sources */ = {isa = PBXBuildFile; fileRef = 9E65B7D52B524F7F009C23A6 /* RewardListView.swift */; };
		9E65B7D82B527DB5009C23A6 /* AppData.swift in Sources */ = {isa = PBXBuildFile; fileRef = 9E65B7D72B527DB5009C23A6 /* AppData.swift */; };
		9E65B7DA2B5281A0009C23A6 /* AppDataVM.swift in Sources */ = {isa = PBXBuildFile; fileRef = 9E65B7D92B5281A0009C23A6 /* AppDataVM.swift */; };
		9E65B7DE2B532E79009C23A6 /* AddDailyTaskView.swift in Sources */ = {isa = PBXBuildFile; fileRef = 9E65B7DD2B532E79009C23A6 /* AddDailyTaskView.swift */; };
		9E65B7E02B53395E009C23A6 /* AddWeeklyTaskView.swift in Sources */ = {isa = PBXBuildFile; fileRef = 9E65B7DF2B53395E009C23A6 /* AddWeeklyTaskView.swift */; };
/* End PBXBuildFile section */

/* Begin PBXFileReference section */
		9E65B7982B52388B009C23A6 /* Goalify.app */ = {isa = PBXFileReference; explicitFileType = wrapper.application; includeInIndex = 0; path = Goalify.app; sourceTree = BUILT_PRODUCTS_DIR; };
		9E65B79B2B52388B009C23A6 /* GoalifyApp.swift */ = {isa = PBXFileReference; lastKnownFileType = sourcecode.swift; path = GoalifyApp.swift; sourceTree = "<group>"; };
		9E65B79D2B52388B009C23A6 /* ContentView.swift */ = {isa = PBXFileReference; lastKnownFileType = sourcecode.swift; path = ContentView.swift; sourceTree = "<group>"; };
		9E65B79F2B52388F009C23A6 /* Assets.xcassets */ = {isa = PBXFileReference; lastKnownFileType = folder.assetcatalog; path = Assets.xcassets; sourceTree = "<group>"; };
		9E65B7A22B52388F009C23A6 /* Preview Assets.xcassets */ = {isa = PBXFileReference; lastKnownFileType = folder.assetcatalog; path = "Preview Assets.xcassets"; sourceTree = "<group>"; };
		9E65B7C52B5239ED009C23A6 /* TasksView.swift */ = {isa = PBXFileReference; lastKnownFileType = sourcecode.swift; path = TasksView.swift; sourceTree = "<group>"; };
		9E65B7C72B523A00009C23A6 /* RewardsView.swift */ = {isa = PBXFileReference; lastKnownFileType = sourcecode.swift; path = RewardsView.swift; sourceTree = "<group>"; };
		9E65B7C92B523D33009C23A6 /* TaskListView.swift */ = {isa = PBXFileReference; lastKnownFileType = sourcecode.swift; path = TaskListView.swift; sourceTree = "<group>"; };
		9E65B7CB2B523D79009C23A6 /* Task.swift */ = {isa = PBXFileReference; lastKnownFileType = sourcecode.swift; path = Task.swift; sourceTree = "<group>"; };
		9E65B7CD2B5247DF009C23A6 /* ColorPalette.swift */ = {isa = PBXFileReference; lastKnownFileType = sourcecode.swift; path = ColorPalette.swift; sourceTree = "<group>"; };
		9E65B7D12B524F56009C23A6 /* Reward.swift */ = {isa = PBXFileReference; lastKnownFileType = sourcecode.swift; path = Reward.swift; sourceTree = "<group>"; };
		9E65B7D52B524F7F009C23A6 /* RewardListView.swift */ = {isa = PBXFileReference; lastKnownFileType = sourcecode.swift; path = RewardListView.swift; sourceTree = "<group>"; };
		9E65B7D72B527DB5009C23A6 /* AppData.swift */ = {isa = PBXFileReference; lastKnownFileType = sourcecode.swift; path = AppData.swift; sourceTree = "<group>"; };
		9E65B7D92B5281A0009C23A6 /* AppDataVM.swift */ = {isa = PBXFileReference; lastKnownFileType = sourcecode.swift; path = AppDataVM.swift; sourceTree = "<group>"; };
		9E65B7DD2B532E79009C23A6 /* AddDailyTaskView.swift */ = {isa = PBXFileReference; lastKnownFileType = sourcecode.swift; path = AddDailyTaskView.swift; sourceTree = "<group>"; };
		9E65B7DF2B53395E009C23A6 /* AddWeeklyTaskView.swift */ = {isa = PBXFileReference; lastKnownFileType = sourcecode.swift; path = AddWeeklyTaskView.swift; sourceTree = "<group>"; };
/* End PBXFileReference section */

/* Begin PBXFrameworksBuildPhase section */
		9E65B7952B52388B009C23A6 /* Frameworks */ = {
			isa = PBXFrameworksBuildPhase;
			buildActionMask = 2147483647;
			files = (
			);
			runOnlyForDeploymentPostprocessing = 0;
		};
/* End PBXFrameworksBuildPhase section */

/* Begin PBXGroup section */
		9E65B78F2B52388B009C23A6 = {
			isa = PBXGroup;
			children = (
				9E65B79A2B52388B009C23A6 /* Goalify */,
				9E65B7992B52388B009C23A6 /* Products */,
			);
			sourceTree = "<group>";
		};
		9E65B7992B52388B009C23A6 /* Products */ = {
			isa = PBXGroup;
			children = (
				9E65B7982B52388B009C23A6 /* Goalify.app */,
			);
			name = Products;
			sourceTree = "<group>";
		};
		9E65B79A2B52388B009C23A6 /* Goalify */ = {
			isa = PBXGroup;
			children = (
				9E65B79B2B52388B009C23A6 /* GoalifyApp.swift */,
				9E65B79D2B52388B009C23A6 /* ContentView.swift */,
				9E65B7C92B523D33009C23A6 /* TaskListView.swift */,
				9E65B7CD2B5247DF009C23A6 /* ColorPalette.swift */,
				9E65B7CB2B523D79009C23A6 /* Task.swift */,
				9E65B7DD2B532E79009C23A6 /* AddDailyTaskView.swift */,
				9E65B7DF2B53395E009C23A6 /* AddWeeklyTaskView.swift */,
				9E65B7D72B527DB5009C23A6 /* AppData.swift */,
				9E65B7D12B524F56009C23A6 /* Reward.swift */,
				9E65B7D92B5281A0009C23A6 /* AppDataVM.swift */,
				9E65B7D52B524F7F009C23A6 /* RewardListView.swift */,
				9E65B7C72B523A00009C23A6 /* RewardsView.swift */,
				9E65B7C52B5239ED009C23A6 /* TasksView.swift */,
				9E65B79F2B52388F009C23A6 /* Assets.xcassets */,
				9E65B7A12B52388F009C23A6 /* Preview Content */,
			);
			path = Goalify;
			sourceTree = "<group>";
		};
		9E65B7A12B52388F009C23A6 /* Preview Content */ = {
			isa = PBXGroup;
			children = (
				9E65B7A22B52388F009C23A6 /* Preview Assets.xcassets */,
			);
			path = "Preview Content";
			sourceTree = "<group>";
		};
/* End PBXGroup section */

/* Begin PBXNativeTarget section */
		9E65B7972B52388B009C23A6 /* Goalify */ = {
			isa = PBXNativeTarget;
			buildConfigurationList = 9E65B7BC2B52388F009C23A6 /* Build configuration list for PBXNativeTarget "Goalify" */;
			buildPhases = (
				9E65B7942B52388B009C23A6 /* Sources */,
				9E65B7952B52388B009C23A6 /* Frameworks */,
				9E65B7962B52388B009C23A6 /* Resources */,
			);
			buildRules = (
			);
			dependencies = (
			);
			name = Goalify;
			productName = Goalify;
			productReference = 9E65B7982B52388B009C23A6 /* Goalify.app */;
			productType = "com.apple.product-type.application";
		};
/* End PBXNativeTarget section */

/* Begin PBXProject section */
		9E65B7902B52388B009C23A6 /* Project object */ = {
			isa = PBXProject;
			attributes = {
				BuildIndependentTargetsInParallel = 1;
				LastSwiftUpdateCheck = 1510;
				LastUpgradeCheck = 1510;
				TargetAttributes = {
					9E65B7972B52388B009C23A6 = {
						CreatedOnToolsVersion = 15.1;
					};
				};
			};
			buildConfigurationList = 9E65B7932B52388B009C23A6 /* Build configuration list for PBXProject "Goalify" */;
			compatibilityVersion = "Xcode 14.0";
			developmentRegion = en;
			hasScannedForEncodings = 0;
			knownRegions = (
				en,
				Base,
			);
			mainGroup = 9E65B78F2B52388B009C23A6;
			productRefGroup = 9E65B7992B52388B009C23A6 /* Products */;
			projectDirPath = "";
			projectRoot = "";
			targets = (
				9E65B7972B52388B009C23A6 /* Goalify */,
			);
		};
/* End PBXProject section */

/* Begin PBXResourcesBuildPhase section */
		9E65B7962B52388B009C23A6 /* Resources */ = {
			isa = PBXResourcesBuildPhase;
			buildActionMask = 2147483647;
			files = (
				9E65B7A32B52388F009C23A6 /* Preview Assets.xcassets in Resources */,
				9E65B7A02B52388F009C23A6 /* Assets.xcassets in Resources */,
			);
			runOnlyForDeploymentPostprocessing = 0;
		};
/* End PBXResourcesBuildPhase section */

/* Begin PBXSourcesBuildPhase section */
		9E65B7942B52388B009C23A6 /* Sources */ = {
			isa = PBXSourcesBuildPhase;
			buildActionMask = 2147483647;
			files = (
				9E65B7CE2B5247DF009C23A6 /* ColorPalette.swift in Sources */,
				9E65B7D22B524F56009C23A6 /* Reward.swift in Sources */,
				9E65B7DA2B5281A0009C23A6 /* AppDataVM.swift in Sources */,
				9E65B79E2B52388B009C23A6 /* ContentView.swift in Sources */,
				9E65B7C62B5239ED009C23A6 /* TasksView.swift in Sources */,
				9E65B7D62B524F7F009C23A6 /* RewardListView.swift in Sources */,
				9E65B7CA2B523D33009C23A6 /* TaskListView.swift in Sources */,
				9E65B7E02B53395E009C23A6 /* AddWeeklyTaskView.swift in Sources */,
				9E65B79C2B52388B009C23A6 /* GoalifyApp.swift in Sources */,
				9E65B7CC2B523D79009C23A6 /* Task.swift in Sources */,
				9E65B7C82B523A00009C23A6 /* RewardsView.swift in Sources */,
				9E65B7D82B527DB5009C23A6 /* AppData.swift in Sources */,
				9E65B7DE2B532E79009C23A6 /* AddDailyTaskView.swift in Sources */,
			);
			runOnlyForDeploymentPostprocessing = 0;
		};
/* End PBXSourcesBuildPhase section */

/* Begin XCBuildConfiguration section */
		9E65B7BA2B52388F009C23A6 /* Debug */ = {
			isa = XCBuildConfiguration;
			buildSettings = {
				ALWAYS_SEARCH_USER_PATHS = NO;
				ASSETCATALOG_COMPILER_GENERATE_SWIFT_ASSET_SYMBOL_EXTENSIONS = YES;
				CLANG_ANALYZER_NONNULL = YES;
				CLANG_ANALYZER_NUMBER_OBJECT_CONVERSION = YES_AGGRESSIVE;
				CLANG_CXX_LANGUAGE_STANDARD = "gnu++20";
				CLANG_ENABLE_MODULES = YES;
				CLANG_ENABLE_OBJC_ARC = YES;
				CLANG_ENABLE_OBJC_WEAK = YES;
				CLANG_WARN_BLOCK_CAPTURE_AUTORELEASING = YES;
				CLANG_WARN_BOOL_CONVERSION = YES;
				CLANG_WARN_COMMA = YES;
				CLANG_WARN_CONSTANT_CONVERSION = YES;
				CLANG_WARN_DEPRECATED_OBJC_IMPLEMENTATIONS = YES;
				CLANG_WARN_DIRECT_OBJC_ISA_USAGE = YES_ERROR;
				CLANG_WARN_DOCUMENTATION_COMMENTS = YES;
				CLANG_WARN_EMPTY_BODY = YES;
				CLANG_WARN_ENUM_CONVERSION = YES;
				CLANG_WARN_INFINITE_RECURSION = YES;
				CLANG_WARN_INT_CONVERSION = YES;
				CLANG_WARN_NON_LITERAL_NULL_CONVERSION = YES;
				CLANG_WARN_OBJC_IMPLICIT_RETAIN_SELF = YES;
				CLANG_WARN_OBJC_LITERAL_CONVERSION = YES;
				CLANG_WARN_OBJC_ROOT_CLASS = YES_ERROR;
				CLANG_WARN_QUOTED_INCLUDE_IN_FRAMEWORK_HEADER = YES;
				CLANG_WARN_RANGE_LOOP_ANALYSIS = YES;
				CLANG_WARN_STRICT_PROTOTYPES = YES;
				CLANG_WARN_SUSPICIOUS_MOVE = YES;
				CLANG_WARN_UNGUARDED_AVAILABILITY = YES_AGGRESSIVE;
				CLANG_WARN_UNREACHABLE_CODE = YES;
				CLANG_WARN__DUPLICATE_METHOD_MATCH = YES;
				COPY_PHASE_STRIP = NO;
				DEBUG_INFORMATION_FORMAT = dwarf;
				ENABLE_STRICT_OBJC_MSGSEND = YES;
				ENABLE_TESTABILITY = YES;
				ENABLE_USER_SCRIPT_SANDBOXING = YES;
				GCC_C_LANGUAGE_STANDARD = gnu17;
				GCC_DYNAMIC_NO_PIC = NO;
				GCC_NO_COMMON_BLOCKS = YES;
				GCC_OPTIMIZATION_LEVEL = 0;
				GCC_PREPROCESSOR_DEFINITIONS = (
					"DEBUG=1",
					"$(inherited)",
				);
				GCC_WARN_64_TO_32_BIT_CONVERSION = YES;
				GCC_WARN_ABOUT_RETURN_TYPE = YES_ERROR;
				GCC_WARN_UNDECLARED_SELECTOR = YES;
				GCC_WARN_UNINITIALIZED_AUTOS = YES_AGGRESSIVE;
				GCC_WARN_UNUSED_FUNCTION = YES;
				GCC_WARN_UNUSED_VARIABLE = YES;
				IPHONEOS_DEPLOYMENT_TARGET = 17.2;
				LOCALIZATION_PREFERS_STRING_CATALOGS = YES;
				MTL_ENABLE_DEBUG_INFO = INCLUDE_SOURCE;
				MTL_FAST_MATH = YES;
				ONLY_ACTIVE_ARCH = YES;
				SDKROOT = iphoneos;
				SWIFT_ACTIVE_COMPILATION_CONDITIONS = "DEBUG $(inherited)";
				SWIFT_OPTIMIZATION_LEVEL = "-Onone";
			};
			name = Debug;
		};
		9E65B7BB2B52388F009C23A6 /* Release */ = {
			isa = XCBuildConfiguration;
			buildSettings = {
				ALWAYS_SEARCH_USER_PATHS = NO;
				ASSETCATALOG_COMPILER_GENERATE_SWIFT_ASSET_SYMBOL_EXTENSIONS = YES;
				CLANG_ANALYZER_NONNULL = YES;
				CLANG_ANALYZER_NUMBER_OBJECT_CONVERSION = YES_AGGRESSIVE;
				CLANG_CXX_LANGUAGE_STANDARD = "gnu++20";
				CLANG_ENABLE_MODULES = YES;
				CLANG_ENABLE_OBJC_ARC = YES;
				CLANG_ENABLE_OBJC_WEAK = YES;
				CLANG_WARN_BLOCK_CAPTURE_AUTORELEASING = YES;
				CLANG_WARN_BOOL_CONVERSION = YES;
				CLANG_WARN_COMMA = YES;
				CLANG_WARN_CONSTANT_CONVERSION = YES;
				CLANG_WARN_DEPRECATED_OBJC_IMPLEMENTATIONS = YES;
				CLANG_WARN_DIRECT_OBJC_ISA_USAGE = YES_ERROR;
				CLANG_WARN_DOCUMENTATION_COMMENTS = YES;
				CLANG_WARN_EMPTY_BODY = YES;
				CLANG_WARN_ENUM_CONVERSION = YES;
				CLANG_WARN_INFINITE_RECURSION = YES;
				CLANG_WARN_INT_CONVERSION = YES;
				CLANG_WARN_NON_LITERAL_NULL_CONVERSION = YES;
				CLANG_WARN_OBJC_IMPLICIT_RETAIN_SELF = YES;
				CLANG_WARN_OBJC_LITERAL_CONVERSION = YES;
				CLANG_WARN_OBJC_ROOT_CLASS = YES_ERROR;
				CLANG_WARN_QUOTED_INCLUDE_IN_FRAMEWORK_HEADER = YES;
				CLANG_WARN_RANGE_LOOP_ANALYSIS = YES;
				CLANG_WARN_STRICT_PROTOTYPES = YES;
				CLANG_WARN_SUSPICIOUS_MOVE = YES;
				CLANG_WARN_UNGUARDED_AVAILABILITY = YES_AGGRESSIVE;
				CLANG_WARN_UNREACHABLE_CODE = YES;
				CLANG_WARN__DUPLICATE_METHOD_MATCH = YES;
				COPY_PHASE_STRIP = NO;
				DEBUG_INFORMATION_FORMAT = "dwarf-with-dsym";
				ENABLE_NS_ASSERTIONS = NO;
				ENABLE_STRICT_OBJC_MSGSEND = YES;
				ENABLE_USER_SCRIPT_SANDBOXING = YES;
				GCC_C_LANGUAGE_STANDARD = gnu17;
				GCC_NO_COMMON_BLOCKS = YES;
				GCC_WARN_64_TO_32_BIT_CONVERSION = YES;
				GCC_WARN_ABOUT_RETURN_TYPE = YES_ERROR;
				GCC_WARN_UNDECLARED_SELECTOR = YES;
				GCC_WARN_UNINITIALIZED_AUTOS = YES_AGGRESSIVE;
				GCC_WARN_UNUSED_FUNCTION = YES;
				GCC_WARN_UNUSED_VARIABLE = YES;
				IPHONEOS_DEPLOYMENT_TARGET = 17.2;
				LOCALIZATION_PREFERS_STRING_CATALOGS = YES;
				MTL_ENABLE_DEBUG_INFO = NO;
				MTL_FAST_MATH = YES;
				SDKROOT = iphoneos;
				SWIFT_COMPILATION_MODE = wholemodule;
				VALIDATE_PRODUCT = YES;
			};
			name = Release;
		};
		9E65B7BD2B52388F009C23A6 /* Debug */ = {
			isa = XCBuildConfiguration;
			buildSettings = {
				ASSETCATALOG_COMPILER_APPICON_NAME = AppIcon;
				ASSETCATALOG_COMPILER_GLOBAL_ACCENT_COLOR_NAME = AccentColor;
				CODE_SIGN_STYLE = Automatic;
				CURRENT_PROJECT_VERSION = 1;
				DEVELOPMENT_ASSET_PATHS = "\"Goalify/Preview Content\"";
				ENABLE_PREVIEWS = YES;
				GENERATE_INFOPLIST_FILE = YES;
				INFOPLIST_KEY_UIApplicationSceneManifest_Generation = YES;
				INFOPLIST_KEY_UIApplicationSupportsIndirectInputEvents = YES;
				INFOPLIST_KEY_UILaunchScreen_Generation = YES;
				INFOPLIST_KEY_UISupportedInterfaceOrientations_iPad = "UIInterfaceOrientationPortrait UIInterfaceOrientationPortraitUpsideDown UIInterfaceOrientationLandscapeLeft UIInterfaceOrientationLandscapeRight";
				INFOPLIST_KEY_UISupportedInterfaceOrientations_iPhone = "UIInterfaceOrientationPortrait UIInterfaceOrientationLandscapeLeft UIInterfaceOrientationLandscapeRight";
				LD_RUNPATH_SEARCH_PATHS = (
					"$(inherited)",
					"@executable_path/Frameworks",
				);
				MARKETING_VERSION = 1.0;
				PRODUCT_BUNDLE_IDENTIFIER = edu.bu.ruicliu.Goalify;
				PRODUCT_NAME = "$(TARGET_NAME)";
				SWIFT_EMIT_LOC_STRINGS = YES;
				SWIFT_VERSION = 5.0;
				TARGETED_DEVICE_FAMILY = "1,2";
			};
			name = Debug;
		};
		9E65B7BE2B52388F009C23A6 /* Release */ = {
			isa = XCBuildConfiguration;
			buildSettings = {
				ASSETCATALOG_COMPILER_APPICON_NAME = AppIcon;
				ASSETCATALOG_COMPILER_GLOBAL_ACCENT_COLOR_NAME = AccentColor;
				CODE_SIGN_STYLE = Automatic;
				CURRENT_PROJECT_VERSION = 1;
				DEVELOPMENT_ASSET_PATHS = "\"Goalify/Preview Content\"";
				ENABLE_PREVIEWS = YES;
				GENERATE_INFOPLIST_FILE = YES;
				INFOPLIST_KEY_UIApplicationSceneManifest_Generation = YES;
				INFOPLIST_KEY_UIApplicationSupportsIndirectInputEvents = YES;
				INFOPLIST_KEY_UILaunchScreen_Generation = YES;
				INFOPLIST_KEY_UISupportedInterfaceOrientations_iPad = "UIInterfaceOrientationPortrait UIInterfaceOrientationPortraitUpsideDown UIInterfaceOrientationLandscapeLeft UIInterfaceOrientationLandscapeRight";
				INFOPLIST_KEY_UISupportedInterfaceOrientations_iPhone = "UIInterfaceOrientationPortrait UIInterfaceOrientationLandscapeLeft UIInterfaceOrientationLandscapeRight";
				LD_RUNPATH_SEARCH_PATHS = (
					"$(inherited)",
					"@executable_path/Frameworks",
				);
				MARKETING_VERSION = 1.0;
				PRODUCT_BUNDLE_IDENTIFIER = edu.bu.ruicliu.Goalify;
				PRODUCT_NAME = "$(TARGET_NAME)";
				SWIFT_EMIT_LOC_STRINGS = YES;
				SWIFT_VERSION = 5.0;
				TARGETED_DEVICE_FAMILY = "1,2";
			};
			name = Release;
		};
/* End XCBuildConfiguration section */

/* Begin XCConfigurationList section */
		9E65B7932B52388B009C23A6 /* Build configuration list for PBXProject "Goalify" */ = {
			isa = XCConfigurationList;
			buildConfigurations = (
				9E65B7BA2B52388F009C23A6 /* Debug */,
				9E65B7BB2B52388F009C23A6 /* Release */,
			);
			defaultConfigurationIsVisible = 0;
			defaultConfigurationName = Release;
		};
		9E65B7BC2B52388F009C23A6 /* Build configuration list for PBXNativeTarget "Goalify" */ = {
			isa = XCConfigurationList;
			buildConfigurations = (
				9E65B7BD2B52388F009C23A6 /* Debug */,
				9E65B7BE2B52388F009C23A6 /* Release */,
			);
			defaultConfigurationIsVisible = 0;
			defaultConfigurationName = Release;
		};
/* End XCConfigurationList section */
	};
	rootObject = 9E65B7902B52388B009C23A6 /* Project object */;
}
